
Microsoft Visual Studio Solution File, Format Version 12.00
# Visual Studio Version 16
VisualStudioVersion = 16.0.30406.217
MinimumVisualStudioVersion = 10.0.40219.1
Project("{FAE04EC0-301F-11D3-BF4B-00C04F79EFBC}") = "ApplicationState", "ApplicationState\ApplicationState.csproj", "{B55A7399-3633-43BE-8EAD-862575D2EADB}"
EndProject
Global
	GlobalSection(SolutionConfigurationPlatforms) = preSolution
		Debug|Any CPU = Debug|Any CPU
		Release|Any CPU = Release|Any CPU
	EndGlobalSection
	GlobalSection(ProjectConfigurationPlatforms) = postSolution
		{B55A7399-3633-43BE-8EAD-862575D2EADB}.Debug|Any CPU.ActiveCfg = Debug|Any CPU
		{B55A7399-3633-43BE-8EAD-862575D2EADB}.Debug|Any CPU.Build.0 = Debug|Any CPU
		{B55A7399-3633-43BE-8EAD-862575D2EADB}.Release|Any CPU.ActiveCfg = Release|Any CPU
		{B55A7399-3633-43BE-8EAD-862575D2EADB}.Release|Any CPU.Build.0 = Release|Any CPU
	EndGlobalSection
	GlobalSection(SolutionProperties) = preSolution
		HideSolutionNode = FALSE
	EndGlobalSection
	GlobalSection(ExtensibilityGlobals) = postSolution
		SolutionGuid = {81A003DB-52C2-4799-9F9D-DE8416A450FA}
	EndGlobalSection
EndGlobal
